// !$*UTF8*$!
{
	archiveVersion = 1;
	classes = {
	};
	objectVersion = 46;
	objects = {

/* Begin PBXBuildFile section */
		F8E87F5122B16812006D3C07 /* AppDelegate.m in Sources */ = {isa = PBXBuildFile; fileRef = F8E87F5022B16812006D3C07 /* AppDelegate.m */; };
		F8E87F5422B16812006D3C07 /* main.m in Sources */ = {isa = PBXBuildFile; fileRef = F8E87F5322B16812006D3C07 /* main.m */; };
		F8E87F5722B16812006D3C07 /* ViewController.m in Sources */ = {isa = PBXBuildFile; fileRef = F8E87F5622B16812006D3C07 /* ViewController.m */; };
		F8E87F5922B16812006D3C07 /* Assets.xcassets in Resources */ = {isa = PBXBuildFile; fileRef = F8E87F5822B16812006D3C07 /* Assets.xcassets */; };
		F8E87F5C22B16812006D3C07 /* Main.storyboard in Resources */ = {isa = PBXBuildFile; fileRef = F8E87F5A22B16812006D3C07 /* Main.storyboard */; };
		F8E87F6722B16813006D3C07 /* Triple_TeaTests.m in Sources */ = {isa = PBXBuildFile; fileRef = F8E87F6622B16813006D3C07 /* Triple_TeaTests.m */; };
		F8E87F7422B191C7006D3C07 /* TTTBoard.m in Sources */ = {isa = PBXBuildFile; fileRef = F8E87F7322B191C7006D3C07 /* TTTBoard.m */; };
		F8E87F7722B195A8006D3C07 /* TTTPlayer.m in Sources */ = {isa = PBXBuildFile; fileRef = F8E87F7622B195A8006D3C07 /* TTTPlayer.m */; };
		F8E87F7A22B1989B006D3C07 /* TTTAIStrategy.m in Sources */ = {isa = PBXBuildFile; fileRef = F8E87F7922B1989B006D3C07 /* TTTAIStrategy.m */; };
/* End PBXBuildFile section */

/* Begin PBXContainerItemProxy section */
		F8E87F6322B16813006D3C07 /* PBXContainerItemProxy */ = {
			isa = PBXContainerItemProxy;
			containerPortal = F8E87F4422B16812006D3C07 /* Project object */;
			proxyType = 1;
			remoteGlobalIDString = F8E87F4B22B16812006D3C07;
			remoteInfo = "Triple Tea";
		};
/* End PBXContainerItemProxy section */

/* Begin PBXFileReference section */
		F8E87F4C22B16812006D3C07 /* Triple Tea.app */ = {isa = PBXFileReference; explicitFileType = wrapper.application; includeInIndex = 0; path = "Triple Tea.app"; sourceTree = BUILT_PRODUCTS_DIR; };
		F8E87F4F22B16812006D3C07 /* AppDelegate.h */ = {isa = PBXFileReference; lastKnownFileType = sourcecode.c.h; path = AppDelegate.h; sourceTree = "<group>"; };
		F8E87F5022B16812006D3C07 /* AppDelegate.m */ = {isa = PBXFileReference; lastKnownFileType = sourcecode.c.objc; path = AppDelegate.m; sourceTree = "<group>"; };
		F8E87F5322B16812006D3C07 /* main.m */ = {isa = PBXFileReference; lastKnownFileType = sourcecode.c.objc; path = main.m; sourceTree = "<group>"; };
		F8E87F5522B16812006D3C07 /* ViewController.h */ = {isa = PBXFileReference; lastKnownFileType = sourcecode.c.h; path = ViewController.h; sourceTree = "<group>"; };
		F8E87F5622B16812006D3C07 /* ViewController.m */ = {isa = PBXFileReference; lastKnownFileType = sourcecode.c.objc; path = ViewController.m; sourceTree = "<group>"; };
		F8E87F5822B16812006D3C07 /* Assets.xcassets */ = {isa = PBXFileReference; lastKnownFileType = folder.assetcatalog; path = Assets.xcassets; sourceTree = "<group>"; };
		F8E87F5B22B16812006D3C07 /* Base */ = {isa = PBXFileReference; lastKnownFileType = file.storyboard; name = Base; path = Base.lproj/Main.storyboard; sourceTree = "<group>"; };
		F8E87F5D22B16812006D3C07 /* Info.plist */ = {isa = PBXFileReference; lastKnownFileType = text.plist.xml; path = Info.plist; sourceTree = "<group>"; };
		F8E87F6222B16813006D3C07 /* Triple TeaTests.xctest */ = {isa = PBXFileReference; explicitFileType = wrapper.cfbundle; includeInIndex = 0; path = "Triple TeaTests.xctest"; sourceTree = BUILT_PRODUCTS_DIR; };
		F8E87F6622B16813006D3C07 /* Triple_TeaTests.m */ = {isa = PBXFileReference; lastKnownFileType = sourcecode.c.objc; path = Triple_TeaTests.m; sourceTree = "<group>"; };
		F8E87F6822B16813006D3C07 /* Info.plist */ = {isa = PBXFileReference; lastKnownFileType = text.plist.xml; path = Info.plist; sourceTree = "<group>"; };
		F8E87F7222B191C7006D3C07 /* TTTBoard.h */ = {isa = PBXFileReference; fileEncoding = 4; lastKnownFileType = sourcecode.c.h; path = TTTBoard.h; sourceTree = "<group>"; };
		F8E87F7322B191C7006D3C07 /* TTTBoard.m */ = {isa = PBXFileReference; fileEncoding = 4; lastKnownFileType = sourcecode.c.objc; path = TTTBoard.m; sourceTree = "<group>"; };
		F8E87F7522B195A8006D3C07 /* TTTPlayer.h */ = {isa = PBXFileReference; fileEncoding = 4; lastKnownFileType = sourcecode.c.h; path = TTTPlayer.h; sourceTree = "<group>"; };
		F8E87F7622B195A8006D3C07 /* TTTPlayer.m */ = {isa = PBXFileReference; fileEncoding = 4; lastKnownFileType = sourcecode.c.objc; path = TTTPlayer.m; sourceTree = "<group>"; };
		F8E87F7822B1989B006D3C07 /* TTTAIStrategy.h */ = {isa = PBXFileReference; fileEncoding = 4; lastKnownFileType = sourcecode.c.h; path = TTTAIStrategy.h; sourceTree = "<group>"; };
		F8E87F7922B1989B006D3C07 /* TTTAIStrategy.m */ = {isa = PBXFileReference; fileEncoding = 4; lastKnownFileType = sourcecode.c.objc; path = TTTAIStrategy.m; sourceTree = "<group>"; };
/* End PBXFileReference section */

/* Begin PBXFrameworksBuildPhase section */
		F8E87F4922B16812006D3C07 /* Frameworks */ = {
			isa = PBXFrameworksBuildPhase;
			buildActionMask = 2147483647;
			files = (
			);
			runOnlyForDeploymentPostprocessing = 0;
		};
		F8E87F5F22B16813006D3C07 /* Frameworks */ = {
			isa = PBXFrameworksBuildPhase;
			buildActionMask = 2147483647;
			files = (
			);
			runOnlyForDeploymentPostprocessing = 0;
		};
/* End PBXFrameworksBuildPhase section */

/* Begin PBXGroup section */
		F8E87F4322B16812006D3C07 = {
			isa = PBXGroup;
			children = (
				F8E87F4E22B16812006D3C07 /* Triple Tea */,
				F8E87F6522B16813006D3C07 /* Triple TeaTests */,
				F8E87F4D22B16812006D3C07 /* Products */,
			);
			sourceTree = "<group>";
		};
		F8E87F4D22B16812006D3C07 /* Products */ = {
			isa = PBXGroup;
			children = (
				F8E87F4C22B16812006D3C07 /* Triple Tea.app */,
				F8E87F6222B16813006D3C07 /* Triple TeaTests.xctest */,
			);
			name = Products;
			sourceTree = "<group>";
		};
		F8E87F4E22B16812006D3C07 /* Triple Tea */ = {
			isa = PBXGroup;
			children = (
				F8E87F4F22B16812006D3C07 /* AppDelegate.h */,
				F8E87F5022B16812006D3C07 /* AppDelegate.m */,
				F8E87F5522B16812006D3C07 /* ViewController.h */,
				F8E87F5622B16812006D3C07 /* ViewController.m */,
				F8E87F7122B19121006D3C07 /* Game Model */,
				F8E87F5822B16812006D3C07 /* Assets.xcassets */,
				F8E87F5A22B16812006D3C07 /* Main.storyboard */,
				F8E87F5D22B16812006D3C07 /* Info.plist */,
				F8E87F5222B16812006D3C07 /* Supporting Files */,
			);
			path = "Triple Tea";
			sourceTree = "<group>";
		};
		F8E87F5222B16812006D3C07 /* Supporting Files */ = {
			isa = PBXGroup;
			children = (
				F8E87F5322B16812006D3C07 /* main.m */,
			);
			name = "Supporting Files";
			sourceTree = "<group>";
		};
		F8E87F6522B16813006D3C07 /* Triple TeaTests */ = {
			isa = PBXGroup;
			children = (
				F8E87F6622B16813006D3C07 /* Triple_TeaTests.m */,
				F8E87F6822B16813006D3C07 /* Info.plist */,
			);
			path = "Triple TeaTests";
			sourceTree = "<group>";
		};
		F8E87F7122B19121006D3C07 /* Game Model */ = {
			isa = PBXGroup;
			children = (
				F8E87F7222B191C7006D3C07 /* TTTBoard.h */,
				F8E87F7322B191C7006D3C07 /* TTTBoard.m */,
				F8E87F7522B195A8006D3C07 /* TTTPlayer.h */,
				F8E87F7622B195A8006D3C07 /* TTTPlayer.m */,
				F8E87F7822B1989B006D3C07 /* TTTAIStrategy.h */,
				F8E87F7922B1989B006D3C07 /* TTTAIStrategy.m */,
			);
			name = "Game Model";
			sourceTree = "<group>";
		};
/* End PBXGroup section */

/* Begin PBXNativeTarget section */
		F8E87F4B22B16812006D3C07 /* Triple Tea */ = {
			isa = PBXNativeTarget;
			buildConfigurationList = F8E87F6B22B16813006D3C07 /* Build configuration list for PBXNativeTarget "Triple Tea" */;
			buildPhases = (
				F8E87F4822B16812006D3C07 /* Sources */,
				F8E87F4922B16812006D3C07 /* Frameworks */,
				F8E87F4A22B16812006D3C07 /* Resources */,
			);
			buildRules = (
			);
			dependencies = (
			);
			name = "Triple Tea";
			productName = "Triple Tea";
			productReference = F8E87F4C22B16812006D3C07 /* Triple Tea.app */;
			productType = "com.apple.product-type.application";
		};
		F8E87F6122B16813006D3C07 /* Triple TeaTests */ = {
			isa = PBXNativeTarget;
			buildConfigurationList = F8E87F6E22B16813006D3C07 /* Build configuration list for PBXNativeTarget "Triple TeaTests" */;
			buildPhases = (
				F8E87F5E22B16813006D3C07 /* Sources */,
				F8E87F5F22B16813006D3C07 /* Frameworks */,
				F8E87F6022B16813006D3C07 /* Resources */,
			);
			buildRules = (
			);
			dependencies = (
				F8E87F6422B16813006D3C07 /* PBXTargetDependency */,
			);
			name = "Triple TeaTests";
			productName = "Triple TeaTests";
			productReference = F8E87F6222B16813006D3C07 /* Triple TeaTests.xctest */;
			productType = "com.apple.product-type.bundle.unit-test";
		};
/* End PBXNativeTarget section */

/* Begin PBXProject section */
		F8E87F4422B16812006D3C07 /* Project object */ = {
			isa = PBXProject;
			attributes = {
				LastUpgradeCheck = 0830;
				ORGANIZATIONNAME = "Saurabh Sikka";
				TargetAttributes = {
					F8E87F4B22B16812006D3C07 = {
						CreatedOnToolsVersion = 8.3.3;
						ProvisioningStyle = Automatic;
					};
					F8E87F6122B16813006D3C07 = {
						CreatedOnToolsVersion = 8.3.3;
						ProvisioningStyle = Automatic;
						TestTargetID = F8E87F4B22B16812006D3C07;
					};
				};
			};
			buildConfigurationList = F8E87F4722B16812006D3C07 /* Build configuration list for PBXProject "Triple Tea" */;
			compatibilityVersion = "Xcode 3.2";
			developmentRegion = English;
			hasScannedForEncodings = 0;
			knownRegions = (
				en,
				Base,
			);
			mainGroup = F8E87F4322B16812006D3C07;
			productRefGroup = F8E87F4D22B16812006D3C07 /* Products */;
			projectDirPath = "";
			projectRoot = "";
			targets = (
				F8E87F4B22B16812006D3C07 /* Triple Tea */,
				F8E87F6122B16813006D3C07 /* Triple TeaTests */,
			);
		};
/* End PBXProject section */

/* Begin PBXResourcesBuildPhase section */
		F8E87F4A22B16812006D3C07 /* Resources */ = {
			isa = PBXResourcesBuildPhase;
			buildActionMask = 2147483647;
			files = (
				F8E87F5922B16812006D3C07 /* Assets.xcassets in Resources */,
				F8E87F5C22B16812006D3C07 /* Main.storyboard in Resources */,
			);
			runOnlyForDeploymentPostprocessing = 0;
		};
		F8E87F6022B16813006D3C07 /* Resources */ = {
			isa = PBXResourcesBuildPhase;
			buildActionMask = 2147483647;
			files = (
			);
			runOnlyForDeploymentPostprocessing = 0;
		};
/* End PBXResourcesBuildPhase section */

/* Begin PBXSourcesBuildPhase section */
		F8E87F4822B16812006D3C07 /* Sources */ = {
			isa = PBXSourcesBuildPhase;
			buildActionMask = 2147483647;
			files = (
				F8E87F5722B16812006D3C07 /* ViewController.m in Sources */,
				F8E87F7722B195A8006D3C07 /* TTTPlayer.m in Sources */,
				F8E87F7422B191C7006D3C07 /* TTTBoard.m in Sources */,
				F8E87F5422B16812006D3C07 /* main.m in Sources */,
				F8E87F5122B16812006D3C07 /* AppDelegate.m in Sources */,
				F8E87F7A22B1989B006D3C07 /* TTTAIStrategy.m in Sources */,
			);
			runOnlyForDeploymentPostprocessing = 0;
		};
		F8E87F5E22B16813006D3C07 /* Sources */ = {
			isa = PBXSourcesBuildPhase;
			buildActionMask = 2147483647;
			files = (
				F8E87F6722B16813006D3C07 /* Triple_TeaTests.m in Sources */,
			);
			runOnlyForDeploymentPostprocessing = 0;
		};
/* End PBXSourcesBuildPhase section */

/* Begin PBXTargetDependency section */
		F8E87F6422B16813006D3C07 /* PBXTargetDependency */ = {
			isa = PBXTargetDependency;
			target = F8E87F4B22B16812006D3C07 /* Triple Tea */;
			targetProxy = F8E87F6322B16813006D3C07 /* PBXContainerItemProxy */;
		};
/* End PBXTargetDependency section */

/* Begin PBXVariantGroup section */
		F8E87F5A22B16812006D3C07 /* Main.storyboard */ = {
			isa = PBXVariantGroup;
			children = (
				F8E87F5B22B16812006D3C07 /* Base */,
			);
			name = Main.storyboard;
			sourceTree = "<group>";
		};
/* End PBXVariantGroup section */

/* Begin XCBuildConfiguration section */
		F8E87F6922B16813006D3C07 /* Debug */ = {
			isa = XCBuildConfiguration;
			buildSettings = {
				ALWAYS_SEARCH_USER_PATHS = NO;
				CLANG_ANALYZER_NONNULL = YES;
				CLANG_ANALYZER_NUMBER_OBJECT_CONVERSION = YES_AGGRESSIVE;
				CLANG_CXX_LANGUAGE_STANDARD = "gnu++0x";
				CLANG_CXX_LIBRARY = "libc++";
				CLANG_ENABLE_MODULES = YES;
				CLANG_ENABLE_OBJC_ARC = YES;
				CLANG_WARN_BOOL_CONVERSION = YES;
				CLANG_WARN_CONSTANT_CONVERSION = YES;
				CLANG_WARN_DIRECT_OBJC_ISA_USAGE = YES_ERROR;
				CLANG_WARN_DOCUMENTATION_COMMENTS = YES;
				CLANG_WARN_EMPTY_BODY = YES;
				CLANG_WARN_ENUM_CONVERSION = YES;
				CLANG_WARN_INFINITE_RECURSION = YES;
				CLANG_WARN_INT_CONVERSION = YES;
				CLANG_WARN_OBJC_ROOT_CLASS = YES_ERROR;
				CLANG_WARN_SUSPICIOUS_MOVE = YES;
				CLANG_WARN_UNREACHABLE_CODE = YES;
				CLANG_WARN__DUPLICATE_METHOD_MATCH = YES;
				CODE_SIGN_IDENTITY = "-";
				COPY_PHASE_STRIP = NO;
				DEBUG_INFORMATION_FORMAT = dwarf;
				ENABLE_STRICT_OBJC_MSGSEND = YES;
				ENABLE_TESTABILITY = YES;
				GCC_C_LANGUAGE_STANDARD = gnu99;
				GCC_DYNAMIC_NO_PIC = NO;
				GCC_NO_COMMON_BLOCKS = YES;
				GCC_OPTIMIZATION_LEVEL = 0;
				GCC_PREPROCESSOR_DEFINITIONS = (
					"DEBUG=1",
					"$(inherited)",
				);
				GCC_WARN_64_TO_32_BIT_CONVERSION = YES;
				GCC_WARN_ABOUT_RETURN_TYPE = YES_ERROR;
				GCC_WARN_UNDECLARED_SELECTOR = YES;
				GCC_WARN_UNINITIALIZED_AUTOS = YES_AGGRESSIVE;
				GCC_WARN_UNUSED_FUNCTION = YES;
				GCC_WARN_UNUSED_VARIABLE = YES;
				MACOSX_DEPLOYMENT_TARGET = 10.12;
				MTL_ENABLE_DEBUG_INFO = YES;
				ONLY_ACTIVE_ARCH = YES;
				SDKROOT = macosx;
			};
			name = Debug;
		};
		F8E87F6A22B16813006D3C07 /* Release */ = {
			isa = XCBuildConfiguration;
			buildSettings = {
				ALWAYS_SEARCH_USER_PATHS = NO;
				CLANG_ANALYZER_NONNULL = YES;
				CLANG_ANALYZER_NUMBER_OBJECT_CONVERSION = YES_AGGRESSIVE;
				CLANG_CXX_LANGUAGE_STANDARD = "gnu++0x";
				CLANG_CXX_LIBRARY = "libc++";
				CLANG_ENABLE_MODULES = YES;
				CLANG_ENABLE_OBJC_ARC = YES;
				CLANG_WARN_BOOL_CONVERSION = YES;
				CLANG_WARN_CONSTANT_CONVERSION = YES;
				CLANG_WARN_DIRECT_OBJC_ISA_USAGE = YES_ERROR;
				CLANG_WARN_DOCUMENTATION_COMMENTS = YES;
				CLANG_WARN_EMPTY_BODY = YES;
				CLANG_WARN_ENUM_CONVERSION = YES;
				CLANG_WARN_INFINITE_RECURSION = YES;
				CLANG_WARN_INT_CONVERSION = YES;
				CLANG_WARN_OBJC_ROOT_CLASS = YES_ERROR;
				CLANG_WARN_SUSPICIOUS_MOVE = YES;
				CLANG_WARN_UNREACHABLE_CODE = YES;
				CLANG_WARN__DUPLICATE_METHOD_MATCH = YES;
				CODE_SIGN_IDENTITY = "-";
				COPY_PHASE_STRIP = NO;
				DEBUG_INFORMATION_FORMAT = "dwarf-with-dsym";
				ENABLE_NS_ASSERTIONS = NO;
				ENABLE_STRICT_OBJC_MSGSEND = YES;
				GCC_C_LANGUAGE_STANDARD = gnu99;
				GCC_NO_COMMON_BLOCKS = YES;
				GCC_WARN_64_TO_32_BIT_CONVERSION = YES;
				GCC_WARN_ABOUT_RETURN_TYPE = YES_ERROR;
				GCC_WARN_UNDECLARED_SELECTOR = YES;
				GCC_WARN_UNINITIALIZED_AUTOS = YES_AGGRESSIVE;
				GCC_WARN_UNUSED_FUNCTION = YES;
				GCC_WARN_UNUSED_VARIABLE = YES;
				MACOSX_DEPLOYMENT_TARGET = 10.12;
				MTL_ENABLE_DEBUG_INFO = NO;
				SDKROOT = macosx;
			};
			name = Release;
		};
		F8E87F6C22B16813006D3C07 /* Debug */ = {
			isa = XCBuildConfiguration;
			buildSettings = {
				ASSETCATALOG_COMPILER_APPICON_NAME = AppIcon;
				COMBINE_HIDPI_IMAGES = YES;
				INFOPLIST_FILE = "Triple Tea/Info.plist";
				LD_RUNPATH_SEARCH_PATHS = "$(inherited) @executable_path/../Frameworks";
				PRODUCT_BUNDLE_IDENTIFIER = "com.saurabhsikka.Triple-Tea";
				PRODUCT_NAME = "$(TARGET_NAME)";
			};
			name = Debug;
		};
		F8E87F6D22B16813006D3C07 /* Release */ = {
			isa = XCBuildConfiguration;
			buildSettings = {
				ASSETCATALOG_COMPILER_APPICON_NAME = AppIcon;
				COMBINE_HIDPI_IMAGES = YES;
				INFOPLIST_FILE = "Triple Tea/Info.plist";
				LD_RUNPATH_SEARCH_PATHS = "$(inherited) @executable_path/../Frameworks";
				PRODUCT_BUNDLE_IDENTIFIER = "com.saurabhsikka.Triple-Tea";
				PRODUCT_NAME = "$(TARGET_NAME)";
			};
			name = Release;
		};
		F8E87F6F22B16813006D3C07 /* Debug */ = {
			isa = XCBuildConfiguration;
			buildSettings = {
				BUNDLE_LOADER = "$(TEST_HOST)";
				COMBINE_HIDPI_IMAGES = YES;
				INFOPLIST_FILE = "Triple TeaTests/Info.plist";
				LD_RUNPATH_SEARCH_PATHS = "$(inherited) @executable_path/../Frameworks @loader_path/../Frameworks";
				PRODUCT_BUNDLE_IDENTIFIER = "com.saurabhsikka.Triple-TeaTests";
				PRODUCT_NAME = "$(TARGET_NAME)";
				TEST_HOST = "$(BUILT_PRODUCTS_DIR)/Triple Tea.app/Contents/MacOS/Triple Tea";
			};
			name = Debug;
		};
		F8E87F7022B16813006D3C07 /* Release */ = {
			isa = XCBuildConfiguration;
			buildSettings = {
				BUNDLE_LOADER = "$(TEST_HOST)";
				COMBINE_HIDPI_IMAGES = YES;
				INFOPLIST_FILE = "Triple TeaTests/Info.plist";
				LD_RUNPATH_SEARCH_PATHS = "$(inherited) @executable_path/../Frameworks @loader_path/../Frameworks";
				PRODUCT_BUNDLE_IDENTIFIER = "com.saurabhsikka.Triple-TeaTests";
				PRODUCT_NAME = "$(TARGET_NAME)";
				TEST_HOST = "$(BUILT_PRODUCTS_DIR)/Triple Tea.app/Contents/MacOS/Triple Tea";
			};
			name = Release;
		};
/* End XCBuildConfiguration section */

/* Begin XCConfigurationList section */
		F8E87F4722B16812006D3C07 /* Build configuration list for PBXProject "Triple Tea" */ = {
			isa = XCConfigurationList;
			buildConfigurations = (
				F8E87F6922B16813006D3C07 /* Debug */,
				F8E87F6A22B16813006D3C07 /* Release */,
			);
			defaultConfigurationIsVisible = 0;
			defaultConfigurationName = Release;
		};
		F8E87F6B22B16813006D3C07 /* Build configuration list for PBXNativeTarget "Triple Tea" */ = {
			isa = XCConfigurationList;
			buildConfigurations = (
				F8E87F6C22B16813006D3C07 /* Debug */,
				F8E87F6D22B16813006D3C07 /* Release */,
			);
			defaultConfigurationIsVisible = 0;
		};
		F8E87F6E22B16813006D3C07 /* Build configuration list for PBXNativeTarget "Triple TeaTests" */ = {
			isa = XCConfigurationList;
			buildConfigurations = (
				F8E87F6F22B16813006D3C07 /* Debug */,
				F8E87F7022B16813006D3C07 /* Release */,
			);
			defaultConfigurationIsVisible = 0;
		};
/* End XCConfigurationList section */
	};
	rootObject = F8E87F4422B16812006D3C07 /* Project object */;
}
